
Microsoft Visual Studio Solution File, Format Version 12.00
# Visual Studio Version 17
VisualStudioVersion = 17.8.34322.80
MinimumVisualStudioVersion = 10.0.40219.1
Project("{FAE04EC0-301F-11D3-BF4B-00C04F79EFBC}") = "5. Working with Strings", "5. Working with Strings\5. Working with Strings.csproj", "{8C6B91CA-4F0F-43D9-9B4B-B68F1D5526F9}"
EndProject
Global
	GlobalSection(SolutionConfigurationPlatforms) = preSolution
		Debug|Any CPU = Debug|Any CPU
		Release|Any CPU = Release|Any CPU
	EndGlobalSection
	GlobalSection(ProjectConfigurationPlatforms) = postSolution
		{8C6B91CA-4F0F-43D9-9B4B-B68F1D5526F9}.Debug|Any CPU.ActiveCfg = Debug|Any CPU
		{8C6B91CA-4F0F-43D9-9B4B-B68F1D5526F9}.Debug|Any CPU.Build.0 = Debug|Any CPU
		{8C6B91CA-4F0F-43D9-9B4B-B68F1D5526F9}.Release|Any CPU.ActiveCfg = Release|Any CPU
		{8C6B91CA-4F0F-43D9-9B4B-B68F1D5526F9}.Release|Any CPU.Build.0 = Release|Any CPU
	EndGlobalSection
	GlobalSection(SolutionProperties) = preSolution
		HideSolutionNode = FALSE
	EndGlobalSection
	GlobalSection(ExtensibilityGlobals) = postSolution
		SolutionGuid = {D4E49F7E-4850-4EC6-95B0-0357D8450B8F}
	EndGlobalSection
EndGlobal
